
Microsoft Visual Studio Solution File, Format Version 12.00
# Visual Studio Version 17
VisualStudioVersion = 17.7.34031.279
MinimumVisualStudioVersion = 10.0.40219.1
Project("{8BC9CEB8-8B4A-11D0-8D11-00A0C91BC942}") = "FirstSQLProject", "FirstSQLProject\FirstSQLProject.vcxproj", "{A0169A50-A6BC-4DF6-967E-4897F023D892}"
EndProject
Global
	GlobalSection(SolutionConfigurationPlatforms) = preSolution
		Debug|x64 = Debug|x64
		Debug|x86 = Debug|x86
		Release|x64 = Release|x64
		Release|x86 = Release|x86
	EndGlobalSection
	GlobalSection(ProjectConfigurationPlatforms) = postSolution
		{A0169A50-A6BC-4DF6-967E-4897F023D892}.Debug|x64.ActiveCfg = Debug|x64
		{A0169A50-A6BC-4DF6-967E-4897F023D892}.Debug|x64.Build.0 = Debug|x64
		{A0169A50-A6BC-4DF6-967E-4897F023D892}.Debug|x86.ActiveCfg = Debug|Win32
		{A0169A50-A6BC-4DF6-967E-4897F023D892}.Debug|x86.Build.0 = Debug|Win32
		{A0169A50-A6BC-4DF6-967E-4897F023D892}.Release|x64.ActiveCfg = Release|x64
		{A0169A50-A6BC-4DF6-967E-4897F023D892}.Release|x64.Build.0 = Release|x64
		{A0169A50-A6BC-4DF6-967E-4897F023D892}.Release|x86.ActiveCfg = Release|Win32
		{A0169A50-A6BC-4DF6-967E-4897F023D892}.Release|x86.Build.0 = Release|Win32
	EndGlobalSection
	GlobalSection(SolutionProperties) = preSolution
		HideSolutionNode = FALSE
	EndGlobalSection
	GlobalSection(ExtensibilityGlobals) = postSolution
		SolutionGuid = {7F8FCA3B-42E6-4D80-84CD-600B04450134}
	EndGlobalSection
EndGlobal
